
Microsoft Visual Studio Solution File, Format Version 12.00
# Visual Studio Version 17
VisualStudioVersion = 17.2.32516.85
MinimumVisualStudioVersion = 10.0.40219.1
Project("{FAE04EC0-301F-11D3-BF4B-00C04F79EFBC}") = "arrayandint", "arrayandint\arrayandint.csproj", "{54D2966C-0E43-4D4C-8126-57E4DFC2E34E}"
EndProject
Global
	GlobalSection(SolutionConfigurationPlatforms) = preSolution
		Debug|Any CPU = Debug|Any CPU
		Release|Any CPU = Release|Any CPU
	EndGlobalSection
	GlobalSection(ProjectConfigurationPlatforms) = postSolution
		{54D2966C-0E43-4D4C-8126-57E4DFC2E34E}.Debug|Any CPU.ActiveCfg = Debug|Any CPU
		{54D2966C-0E43-4D4C-8126-57E4DFC2E34E}.Debug|Any CPU.Build.0 = Debug|Any CPU
		{54D2966C-0E43-4D4C-8126-57E4DFC2E34E}.Release|Any CPU.ActiveCfg = Release|Any CPU
		{54D2966C-0E43-4D4C-8126-57E4DFC2E34E}.Release|Any CPU.Build.0 = Release|Any CPU
	EndGlobalSection
	GlobalSection(SolutionProperties) = preSolution
		HideSolutionNode = FALSE
	EndGlobalSection
	GlobalSection(ExtensibilityGlobals) = postSolution
		SolutionGuid = {66F0B501-3815-497B-ABC5-A63622A1D3B7}
	EndGlobalSection
EndGlobal
